
Microsoft Visual Studio Solution File, Format Version 10.00
# Visual Studio 2008
Project("{8BC9CEB8-8B4A-11D0-8D11-00A0C91BC942}") = "02cpp", "02cpp\02cpp.vcproj", "{EA747517-AA5E-4E53-97EE-44F6A60FE20B}"
EndProject
Global
	GlobalSection(SolutionConfigurationPlatforms) = preSolution
		Debug|Win32 = Debug|Win32
		Release|Win32 = Release|Win32
	EndGlobalSection
	GlobalSection(ProjectConfigurationPlatforms) = postSolution
		{EA747517-AA5E-4E53-97EE-44F6A60FE20B}.Debug|Win32.ActiveCfg = Debug|Win32
		{EA747517-AA5E-4E53-97EE-44F6A60FE20B}.Debug|Win32.Build.0 = Debug|Win32
		{EA747517-AA5E-4E53-97EE-44F6A60FE20B}.Release|Win32.ActiveCfg = Release|Win32
		{EA747517-AA5E-4E53-97EE-44F6A60FE20B}.Release|Win32.Build.0 = Release|Win32
	EndGlobalSection
	GlobalSection(SolutionProperties) = preSolution
		HideSolutionNode = FALSE
	EndGlobalSection
EndGlobal
