
Microsoft Visual Studio Solution File, Format Version 10.00
# Visual Studio 2008
Project("{8BC9CEB8-8B4A-11D0-8D11-00A0C91BC942}") = "MySQL_conn", "MySQL_conn\MySQL_conn.vcproj", "{48B47260-F9BB-40DF-9C49-7DFB822D4723}"
EndProject
Global
	GlobalSection(SolutionConfigurationPlatforms) = preSolution
		Debug|Win32 = Debug|Win32
		Release|Win32 = Release|Win32
	EndGlobalSection
	GlobalSection(ProjectConfigurationPlatforms) = postSolution
		{48B47260-F9BB-40DF-9C49-7DFB822D4723}.Debug|Win32.ActiveCfg = Debug|Win32
		{48B47260-F9BB-40DF-9C49-7DFB822D4723}.Debug|Win32.Build.0 = Debug|Win32
		{48B47260-F9BB-40DF-9C49-7DFB822D4723}.Release|Win32.ActiveCfg = Release|Win32
		{48B47260-F9BB-40DF-9C49-7DFB822D4723}.Release|Win32.Build.0 = Release|Win32
	EndGlobalSection
	GlobalSection(SolutionProperties) = preSolution
		HideSolutionNode = FALSE
	EndGlobalSection
EndGlobal
