
Microsoft Visual Studio Solution File, Format Version 10.00
# Visual Studio 2008
Project("{8BC9CEB8-8B4A-11D0-8D11-00A0C91BC942}") = "17cpp", "17cpp\17cpp.vcproj", "{AFBE0B42-B551-48C7-99D0-1FEA2EDED914}"
EndProject
Global
	GlobalSection(SolutionConfigurationPlatforms) = preSolution
		Debug|Win32 = Debug|Win32
		Release|Win32 = Release|Win32
	EndGlobalSection
	GlobalSection(ProjectConfigurationPlatforms) = postSolution
		{AFBE0B42-B551-48C7-99D0-1FEA2EDED914}.Debug|Win32.ActiveCfg = Debug|Win32
		{AFBE0B42-B551-48C7-99D0-1FEA2EDED914}.Debug|Win32.Build.0 = Debug|Win32
		{AFBE0B42-B551-48C7-99D0-1FEA2EDED914}.Release|Win32.ActiveCfg = Release|Win32
		{AFBE0B42-B551-48C7-99D0-1FEA2EDED914}.Release|Win32.Build.0 = Release|Win32
	EndGlobalSection
	GlobalSection(SolutionProperties) = preSolution
		HideSolutionNode = FALSE
	EndGlobalSection
EndGlobal
