
Microsoft Visual Studio Solution File, Format Version 10.00
# Visual Studio 2008
Project("{8BC9CEB8-8B4A-11D0-8D11-00A0C91BC942}") = "24cpp", "24cpp\24cpp.vcproj", "{3FD8F93C-A8C0-46CC-933B-4F95D9E0E409}"
EndProject
Global
	GlobalSection(SolutionConfigurationPlatforms) = preSolution
		Debug|Win32 = Debug|Win32
		Release|Win32 = Release|Win32
	EndGlobalSection
	GlobalSection(ProjectConfigurationPlatforms) = postSolution
		{3FD8F93C-A8C0-46CC-933B-4F95D9E0E409}.Debug|Win32.ActiveCfg = Debug|Win32
		{3FD8F93C-A8C0-46CC-933B-4F95D9E0E409}.Debug|Win32.Build.0 = Debug|Win32
		{3FD8F93C-A8C0-46CC-933B-4F95D9E0E409}.Release|Win32.ActiveCfg = Release|Win32
		{3FD8F93C-A8C0-46CC-933B-4F95D9E0E409}.Release|Win32.Build.0 = Release|Win32
	EndGlobalSection
	GlobalSection(SolutionProperties) = preSolution
		HideSolutionNode = FALSE
	EndGlobalSection
EndGlobal
