
Microsoft Visual Studio Solution File, Format Version 10.00
# Visual Studio 2008
Project("{8BC9CEB8-8B4A-11D0-8D11-00A0C91BC942}") = "12cpp", "12cpp\12cpp.vcproj", "{C5C260CD-58C6-4EF9-8200-526C98E69E14}"
EndProject
Global
	GlobalSection(SolutionConfigurationPlatforms) = preSolution
		Debug|Win32 = Debug|Win32
		Release|Win32 = Release|Win32
	EndGlobalSection
	GlobalSection(ProjectConfigurationPlatforms) = postSolution
		{C5C260CD-58C6-4EF9-8200-526C98E69E14}.Debug|Win32.ActiveCfg = Debug|Win32
		{C5C260CD-58C6-4EF9-8200-526C98E69E14}.Debug|Win32.Build.0 = Debug|Win32
		{C5C260CD-58C6-4EF9-8200-526C98E69E14}.Release|Win32.ActiveCfg = Release|Win32
		{C5C260CD-58C6-4EF9-8200-526C98E69E14}.Release|Win32.Build.0 = Release|Win32
	EndGlobalSection
	GlobalSection(SolutionProperties) = preSolution
		HideSolutionNode = FALSE
	EndGlobalSection
EndGlobal
