
Microsoft Visual Studio Solution File, Format Version 10.00
# Visual Studio 2008
Project("{8BC9CEB8-8B4A-11D0-8D11-00A0C91BC942}") = "20cpp", "20cpp\20cpp.vcproj", "{80D64353-D93D-49DD-BD86-8079DCC73667}"
EndProject
Global
	GlobalSection(SolutionConfigurationPlatforms) = preSolution
		Debug|Win32 = Debug|Win32
		Release|Win32 = Release|Win32
	EndGlobalSection
	GlobalSection(ProjectConfigurationPlatforms) = postSolution
		{80D64353-D93D-49DD-BD86-8079DCC73667}.Debug|Win32.ActiveCfg = Debug|Win32
		{80D64353-D93D-49DD-BD86-8079DCC73667}.Debug|Win32.Build.0 = Debug|Win32
		{80D64353-D93D-49DD-BD86-8079DCC73667}.Release|Win32.ActiveCfg = Release|Win32
		{80D64353-D93D-49DD-BD86-8079DCC73667}.Release|Win32.Build.0 = Release|Win32
	EndGlobalSection
	GlobalSection(SolutionProperties) = preSolution
		HideSolutionNode = FALSE
	EndGlobalSection
EndGlobal
