
Microsoft Visual Studio Solution File, Format Version 10.00
# Visual Studio 2008
Project("{8BC9CEB8-8B4A-11D0-8D11-00A0C91BC942}") = "25cpp", "25cpp\25cpp.vcproj", "{07045D3A-39F4-4CDB-9D0C-6430187DF299}"
EndProject
Global
	GlobalSection(SolutionConfigurationPlatforms) = preSolution
		Debug|Win32 = Debug|Win32
		Release|Win32 = Release|Win32
	EndGlobalSection
	GlobalSection(ProjectConfigurationPlatforms) = postSolution
		{07045D3A-39F4-4CDB-9D0C-6430187DF299}.Debug|Win32.ActiveCfg = Debug|Win32
		{07045D3A-39F4-4CDB-9D0C-6430187DF299}.Debug|Win32.Build.0 = Debug|Win32
		{07045D3A-39F4-4CDB-9D0C-6430187DF299}.Release|Win32.ActiveCfg = Release|Win32
		{07045D3A-39F4-4CDB-9D0C-6430187DF299}.Release|Win32.Build.0 = Release|Win32
	EndGlobalSection
	GlobalSection(SolutionProperties) = preSolution
		HideSolutionNode = FALSE
	EndGlobalSection
EndGlobal
